
Microsoft Visual Studio Solution File, Format Version 12.00
# Visual Studio Version 17
VisualStudioVersion = 17.9.34622.214
MinimumVisualStudioVersion = 10.0.40219.1
Project("{FAE04EC0-301F-11D3-BF4B-00C04F79EFBC}") = "MyBackendServices", "MyBackendServices\MyBackendServices.csproj", "{8B0CD8E4-93DE-4648-B946-CB01AA3590F1}"
EndProject
Global
	GlobalSection(SolutionConfigurationPlatforms) = preSolution
		Debug|Any CPU = Debug|Any CPU
		Release|Any CPU = Release|Any CPU
	EndGlobalSection
	GlobalSection(ProjectConfigurationPlatforms) = postSolution
		{8B0CD8E4-93DE-4648-B946-CB01AA3590F1}.Debug|Any CPU.ActiveCfg = Debug|Any CPU
		{8B0CD8E4-93DE-4648-B946-CB01AA3590F1}.Debug|Any CPU.Build.0 = Debug|Any CPU
		{8B0CD8E4-93DE-4648-B946-CB01AA3590F1}.Release|Any CPU.ActiveCfg = Release|Any CPU
		{8B0CD8E4-93DE-4648-B946-CB01AA3590F1}.Release|Any CPU.Build.0 = Release|Any CPU
	EndGlobalSection
	GlobalSection(SolutionProperties) = preSolution
		HideSolutionNode = FALSE
	EndGlobalSection
	GlobalSection(ExtensibilityGlobals) = postSolution
		SolutionGuid = {850A1C82-1E6C-4B7D-AF30-FF9D6262F3E7}
	EndGlobalSection
EndGlobal
